
Microsoft Visual Studio Solution File, Format Version 12.00
# Visual Studio Version 17
VisualStudioVersion = 17.8.34511.84
MinimumVisualStudioVersion = 10.0.40219.1
Project("{FAE04EC0-301F-11D3-BF4B-00C04F79EFBC}") = "ConsoleApp1", "ConsoleApp1\ConsoleApp1.csproj", "{854994AF-3A4B-44FF-9B64-1CAE4141F296}"
EndProject
Global
	GlobalSection(SolutionConfigurationPlatforms) = preSolution
		Debug|Any CPU = Debug|Any CPU
		Release|Any CPU = Release|Any CPU
	EndGlobalSection
	GlobalSection(ProjectConfigurationPlatforms) = postSolution
		{854994AF-3A4B-44FF-9B64-1CAE4141F296}.Debug|Any CPU.ActiveCfg = Debug|Any CPU
		{854994AF-3A4B-44FF-9B64-1CAE4141F296}.Debug|Any CPU.Build.0 = Debug|Any CPU
		{854994AF-3A4B-44FF-9B64-1CAE4141F296}.Release|Any CPU.ActiveCfg = Release|Any CPU
		{854994AF-3A4B-44FF-9B64-1CAE4141F296}.Release|Any CPU.Build.0 = Release|Any CPU
	EndGlobalSection
	GlobalSection(SolutionProperties) = preSolution
		HideSolutionNode = FALSE
	EndGlobalSection
	GlobalSection(ExtensibilityGlobals) = postSolution
		SolutionGuid = {A6360AC6-6A82-45D2-9112-D116A6D5A139}
	EndGlobalSection
EndGlobal
